// !$*UTF8*$!
{
	archiveVersion = 1;
	classes = {
	};
	objectVersion = 50;
	objects = {

/* Begin PBXBuildFile section */
		BCCF5E83216CDB19004BB2E4 /* AppDelegate.swift in Sources */ = {isa = PBXBuildFile; fileRef = BCCF5E82216CDB19004BB2E4 /* AppDelegate.swift */; };
		BCCF5E85216CDB19004BB2E4 /* ViewController.swift in Sources */ = {isa = PBXBuildFile; fileRef = BCCF5E84216CDB19004BB2E4 /* ViewController.swift */; };
		BCCF5E88216CDB19004BB2E4 /* Main.storyboard in Resources */ = {isa = PBXBuildFile; fileRef = BCCF5E86216CDB19004BB2E4 /* Main.storyboard */; };
		BCCF5E8A216CDB1B004BB2E4 /* Assets.xcassets in Resources */ = {isa = PBXBuildFile; fileRef = BCCF5E89216CDB1B004BB2E4 /* Assets.xcassets */; };
		BCCF5E8D216CDB1B004BB2E4 /* LaunchScreen.storyboard in Resources */ = {isa = PBXBuildFile; fileRef = BCCF5E8B216CDB1B004BB2E4 /* LaunchScreen.storyboard */; };
		BCCF5E96216CDD2F004BB2E4 /* Client.swift in Sources */ = {isa = PBXBuildFile; fileRef = BCCF5E95216CDD2F004BB2E4 /* Client.swift */; };
		BCCF5E99216CDD50004BB2E4 /* NotSolidClient.swift in Sources */ = {isa = PBXBuildFile; fileRef = BCCF5E98216CDD50004BB2E4 /* NotSolidClient.swift */; };
		BCCF5E9B216CDD80004BB2E4 /* NotSolidServiceScheduler.swift in Sources */ = {isa = PBXBuildFile; fileRef = BCCF5E9A216CDD80004BB2E4 /* NotSolidServiceScheduler.swift */; };
		BCCF5E9D216CDDD4004BB2E4 /* NotSolidTimelineService.swift in Sources */ = {isa = PBXBuildFile; fileRef = BCCF5E9C216CDDD4004BB2E4 /* NotSolidTimelineService.swift */; };
		BCCF5E9F216CDDF1004BB2E4 /* NotSolidProfileService.swift in Sources */ = {isa = PBXBuildFile; fileRef = BCCF5E9E216CDDF1004BB2E4 /* NotSolidProfileService.swift */; };
		BCCF5EA4216CE087004BB2E4 /* SolidClient.swift in Sources */ = {isa = PBXBuildFile; fileRef = BCCF5EA3216CE087004BB2E4 /* SolidClient.swift */; };
		BCCF5EA6216CE1FA004BB2E4 /* SolidServiceScheduler.swift in Sources */ = {isa = PBXBuildFile; fileRef = BCCF5EA5216CE1FA004BB2E4 /* SolidServiceScheduler.swift */; };
		BCCF5EA8216CE215004BB2E4 /* SolidTimelineService.swift in Sources */ = {isa = PBXBuildFile; fileRef = BCCF5EA7216CE215004BB2E4 /* SolidTimelineService.swift */; };
		BCCF5EAA216CE233004BB2E4 /* SolidProfileService.swift in Sources */ = {isa = PBXBuildFile; fileRef = BCCF5EA9216CE233004BB2E4 /* SolidProfileService.swift */; };
		BCCF5EAC216CE24F004BB2E4 /* SolidTimer.swift in Sources */ = {isa = PBXBuildFile; fileRef = BCCF5EAB216CE24F004BB2E4 /* SolidTimer.swift */; };
		BCCF5EAE216CE268004BB2E4 /* SolidSchedulerFactory.swift in Sources */ = {isa = PBXBuildFile; fileRef = BCCF5EAD216CE268004BB2E4 /* SolidSchedulerFactory.swift */; };
		BCCF5EB0216CE283004BB2E4 /* SolidServiceFactory.swift in Sources */ = {isa = PBXBuildFile; fileRef = BCCF5EAF216CE283004BB2E4 /* SolidServiceFactory.swift */; };
		BCCF5EB2216CE29B004BB2E4 /* ServiceScheduler.swift in Sources */ = {isa = PBXBuildFile; fileRef = BCCF5EB1216CE29B004BB2E4 /* ServiceScheduler.swift */; };
		BCCF5EB4216CE2B0004BB2E4 /* Service.swift in Sources */ = {isa = PBXBuildFile; fileRef = BCCF5EB3216CE2B0004BB2E4 /* Service.swift */; };
		BCCF5EB6216CE2C3004BB2E4 /* STimer.swift in Sources */ = {isa = PBXBuildFile; fileRef = BCCF5EB5216CE2C3004BB2E4 /* STimer.swift */; };
		BCCF5EBA216CF2C8004BB2E4 /* NotSolidRectangle.swift in Sources */ = {isa = PBXBuildFile; fileRef = BCCF5EB9216CF2C8004BB2E4 /* NotSolidRectangle.swift */; };
		BCCF5EBE216CF2EA004BB2E4 /* NotSolidSquare.swift in Sources */ = {isa = PBXBuildFile; fileRef = BCCF5EBD216CF2EA004BB2E4 /* NotSolidSquare.swift */; };
		BCCF5EC1216CF3C9004BB2E4 /* SolidShape.swift in Sources */ = {isa = PBXBuildFile; fileRef = BCCF5EC0216CF3C9004BB2E4 /* SolidShape.swift */; };
		BCCF5EC3216CF3E5004BB2E4 /* SolidRectangle.swift in Sources */ = {isa = PBXBuildFile; fileRef = BCCF5EC2216CF3E5004BB2E4 /* SolidRectangle.swift */; };
		BCCF5EC5216CF3FC004BB2E4 /* SolidSquare.swift in Sources */ = {isa = PBXBuildFile; fileRef = BCCF5EC4216CF3FC004BB2E4 /* SolidSquare.swift */; };
		BCCF5EC8216CF91F004BB2E4 /* Transaction.swift in Sources */ = {isa = PBXBuildFile; fileRef = BCCF5EC7216CF91F004BB2E4 /* Transaction.swift */; };
		BCCF5ECB216CF942004BB2E4 /* NotSolidATM.swift in Sources */ = {isa = PBXBuildFile; fileRef = BCCF5ECA216CF942004BB2E4 /* NotSolidATM.swift */; };
		BCCF5ECD216CF961004BB2E4 /* NotSolidDepositTransaction.swift in Sources */ = {isa = PBXBuildFile; fileRef = BCCF5ECC216CF961004BB2E4 /* NotSolidDepositTransaction.swift */; };
		BCCF5ECF216CF980004BB2E4 /* NotSolidConsoleATM.swift in Sources */ = {isa = PBXBuildFile; fileRef = BCCF5ECE216CF980004BB2E4 /* NotSolidConsoleATM.swift */; };
		BCCF5ED2216CFA6B004BB2E4 /* SolidATM.swift in Sources */ = {isa = PBXBuildFile; fileRef = BCCF5ED1216CFA6B004BB2E4 /* SolidATM.swift */; };
		BCCF5ED4216CFA8A004BB2E4 /* SolidDepositUI.swift in Sources */ = {isa = PBXBuildFile; fileRef = BCCF5ED3216CFA8A004BB2E4 /* SolidDepositUI.swift */; };
		BCCF5ED6216CFAA5004BB2E4 /* SolidDepositTransaction.swift in Sources */ = {isa = PBXBuildFile; fileRef = BCCF5ED5216CFAA5004BB2E4 /* SolidDepositTransaction.swift */; };
		BCCF5ED8216CFABF004BB2E4 /* DepositUI.swift in Sources */ = {isa = PBXBuildFile; fileRef = BCCF5ED7216CFABF004BB2E4 /* DepositUI.swift */; };
		BCCF5EDA216CFAD5004BB2E4 /* TransferUI.swift in Sources */ = {isa = PBXBuildFile; fileRef = BCCF5ED9216CFAD5004BB2E4 /* TransferUI.swift */; };
		BCCF5EDC216CFAEA004BB2E4 /* WithdrawalUI.swift in Sources */ = {isa = PBXBuildFile; fileRef = BCCF5EDB216CFAEA004BB2E4 /* WithdrawalUI.swift */; };
/* End PBXBuildFile section */

/* Begin PBXFileReference section */
		BCCF5E7F216CDB19004BB2E4 /* SwiftSOLIDPrinciples.app */ = {isa = PBXFileReference; explicitFileType = wrapper.application; includeInIndex = 0; path = SwiftSOLIDPrinciples.app; sourceTree = BUILT_PRODUCTS_DIR; };
		BCCF5E82216CDB19004BB2E4 /* AppDelegate.swift */ = {isa = PBXFileReference; lastKnownFileType = sourcecode.swift; path = AppDelegate.swift; sourceTree = "<group>"; };
		BCCF5E84216CDB19004BB2E4 /* ViewController.swift */ = {isa = PBXFileReference; lastKnownFileType = sourcecode.swift; path = ViewController.swift; sourceTree = "<group>"; };
		BCCF5E87216CDB19004BB2E4 /* Base */ = {isa = PBXFileReference; lastKnownFileType = file.storyboard; name = Base; path = Base.lproj/Main.storyboard; sourceTree = "<group>"; };
		BCCF5E89216CDB1B004BB2E4 /* Assets.xcassets */ = {isa = PBXFileReference; lastKnownFileType = folder.assetcatalog; path = Assets.xcassets; sourceTree = "<group>"; };
		BCCF5E8C216CDB1B004BB2E4 /* Base */ = {isa = PBXFileReference; lastKnownFileType = file.storyboard; name = Base; path = Base.lproj/LaunchScreen.storyboard; sourceTree = "<group>"; };
		BCCF5E8E216CDB1B004BB2E4 /* Info.plist */ = {isa = PBXFileReference; lastKnownFileType = text.plist.xml; path = Info.plist; sourceTree = "<group>"; };
		BCCF5E95216CDD2F004BB2E4 /* Client.swift */ = {isa = PBXFileReference; lastKnownFileType = sourcecode.swift; path = Client.swift; sourceTree = "<group>"; };
		BCCF5E98216CDD50004BB2E4 /* NotSolidClient.swift */ = {isa = PBXFileReference; lastKnownFileType = sourcecode.swift; path = NotSolidClient.swift; sourceTree = "<group>"; };
		BCCF5E9A216CDD80004BB2E4 /* NotSolidServiceScheduler.swift */ = {isa = PBXFileReference; lastKnownFileType = sourcecode.swift; path = NotSolidServiceScheduler.swift; sourceTree = "<group>"; };
		BCCF5E9C216CDDD4004BB2E4 /* NotSolidTimelineService.swift */ = {isa = PBXFileReference; lastKnownFileType = sourcecode.swift; path = NotSolidTimelineService.swift; sourceTree = "<group>"; };
		BCCF5E9E216CDDF1004BB2E4 /* NotSolidProfileService.swift */ = {isa = PBXFileReference; lastKnownFileType = sourcecode.swift; path = NotSolidProfileService.swift; sourceTree = "<group>"; };
		BCCF5EA3216CE087004BB2E4 /* SolidClient.swift */ = {isa = PBXFileReference; lastKnownFileType = sourcecode.swift; path = SolidClient.swift; sourceTree = "<group>"; };
		BCCF5EA5216CE1FA004BB2E4 /* SolidServiceScheduler.swift */ = {isa = PBXFileReference; lastKnownFileType = sourcecode.swift; path = SolidServiceScheduler.swift; sourceTree = "<group>"; };
		BCCF5EA7216CE215004BB2E4 /* SolidTimelineService.swift */ = {isa = PBXFileReference; lastKnownFileType = sourcecode.swift; path = SolidTimelineService.swift; sourceTree = "<group>"; };
		BCCF5EA9216CE233004BB2E4 /* SolidProfileService.swift */ = {isa = PBXFileReference; lastKnownFileType = sourcecode.swift; path = SolidProfileService.swift; sourceTree = "<group>"; };
		BCCF5EAB216CE24F004BB2E4 /* SolidTimer.swift */ = {isa = PBXFileReference; lastKnownFileType = sourcecode.swift; path = SolidTimer.swift; sourceTree = "<group>"; };
		BCCF5EAD216CE268004BB2E4 /* SolidSchedulerFactory.swift */ = {isa = PBXFileReference; lastKnownFileType = sourcecode.swift; path = SolidSchedulerFactory.swift; sourceTree = "<group>"; };
		BCCF5EAF216CE283004BB2E4 /* SolidServiceFactory.swift */ = {isa = PBXFileReference; lastKnownFileType = sourcecode.swift; path = SolidServiceFactory.swift; sourceTree = "<group>"; };
		BCCF5EB1216CE29B004BB2E4 /* ServiceScheduler.swift */ = {isa = PBXFileReference; lastKnownFileType = sourcecode.swift; path = ServiceScheduler.swift; sourceTree = "<group>"; };
		BCCF5EB3216CE2B0004BB2E4 /* Service.swift */ = {isa = PBXFileReference; lastKnownFileType = sourcecode.swift; path = Service.swift; sourceTree = "<group>"; };
		BCCF5EB5216CE2C3004BB2E4 /* STimer.swift */ = {isa = PBXFileReference; lastKnownFileType = sourcecode.swift; path = STimer.swift; sourceTree = "<group>"; };
		BCCF5EB9216CF2C8004BB2E4 /* NotSolidRectangle.swift */ = {isa = PBXFileReference; lastKnownFileType = sourcecode.swift; path = NotSolidRectangle.swift; sourceTree = "<group>"; };
		BCCF5EBD216CF2EA004BB2E4 /* NotSolidSquare.swift */ = {isa = PBXFileReference; lastKnownFileType = sourcecode.swift; path = NotSolidSquare.swift; sourceTree = "<group>"; };
		BCCF5EC0216CF3C9004BB2E4 /* SolidShape.swift */ = {isa = PBXFileReference; lastKnownFileType = sourcecode.swift; path = SolidShape.swift; sourceTree = "<group>"; };
		BCCF5EC2216CF3E5004BB2E4 /* SolidRectangle.swift */ = {isa = PBXFileReference; lastKnownFileType = sourcecode.swift; path = SolidRectangle.swift; sourceTree = "<group>"; };
		BCCF5EC4216CF3FC004BB2E4 /* SolidSquare.swift */ = {isa = PBXFileReference; lastKnownFileType = sourcecode.swift; path = SolidSquare.swift; sourceTree = "<group>"; };
		BCCF5EC7216CF91F004BB2E4 /* Transaction.swift */ = {isa = PBXFileReference; lastKnownFileType = sourcecode.swift; path = Transaction.swift; sourceTree = "<group>"; };
		BCCF5ECA216CF942004BB2E4 /* NotSolidATM.swift */ = {isa = PBXFileReference; lastKnownFileType = sourcecode.swift; path = NotSolidATM.swift; sourceTree = "<group>"; };
		BCCF5ECC216CF961004BB2E4 /* NotSolidDepositTransaction.swift */ = {isa = PBXFileReference; lastKnownFileType = sourcecode.swift; path = NotSolidDepositTransaction.swift; sourceTree = "<group>"; };
		BCCF5ECE216CF980004BB2E4 /* NotSolidConsoleATM.swift */ = {isa = PBXFileReference; lastKnownFileType = sourcecode.swift; path = NotSolidConsoleATM.swift; sourceTree = "<group>"; };
		BCCF5ED1216CFA6B004BB2E4 /* SolidATM.swift */ = {isa = PBXFileReference; lastKnownFileType = sourcecode.swift; path = SolidATM.swift; sourceTree = "<group>"; };
		BCCF5ED3216CFA8A004BB2E4 /* SolidDepositUI.swift */ = {isa = PBXFileReference; lastKnownFileType = sourcecode.swift; path = SolidDepositUI.swift; sourceTree = "<group>"; };
		BCCF5ED5216CFAA5004BB2E4 /* SolidDepositTransaction.swift */ = {isa = PBXFileReference; lastKnownFileType = sourcecode.swift; path = SolidDepositTransaction.swift; sourceTree = "<group>"; };
		BCCF5ED7216CFABF004BB2E4 /* DepositUI.swift */ = {isa = PBXFileReference; lastKnownFileType = sourcecode.swift; path = DepositUI.swift; sourceTree = "<group>"; };
		BCCF5ED9216CFAD5004BB2E4 /* TransferUI.swift */ = {isa = PBXFileReference; lastKnownFileType = sourcecode.swift; path = TransferUI.swift; sourceTree = "<group>"; };
		BCCF5EDB216CFAEA004BB2E4 /* WithdrawalUI.swift */ = {isa = PBXFileReference; lastKnownFileType = sourcecode.swift; path = WithdrawalUI.swift; sourceTree = "<group>"; };
/* End PBXFileReference section */

/* Begin PBXFrameworksBuildPhase section */
		BCCF5E7C216CDB19004BB2E4 /* Frameworks */ = {
			isa = PBXFrameworksBuildPhase;
			buildActionMask = 2147483647;
			files = (
			);
			runOnlyForDeploymentPostprocessing = 0;
		};
/* End PBXFrameworksBuildPhase section */

/* Begin PBXGroup section */
		BCCF5E76216CDB19004BB2E4 = {
			isa = PBXGroup;
			children = (
				BCCF5E81216CDB19004BB2E4 /* SwiftSOLIDPrinciples */,
				BCCF5E80216CDB19004BB2E4 /* Products */,
			);
			sourceTree = "<group>";
		};
		BCCF5E80216CDB19004BB2E4 /* Products */ = {
			isa = PBXGroup;
			children = (
				BCCF5E7F216CDB19004BB2E4 /* SwiftSOLIDPrinciples.app */,
			);
			name = Products;
			sourceTree = "<group>";
		};
		BCCF5E81216CDB19004BB2E4 /* SwiftSOLIDPrinciples */ = {
			isa = PBXGroup;
			children = (
				BCCF5EC6216CF906004BB2E4 /* ATM Example */,
				BCCF5EB7216CF27C004BB2E4 /* Square Rectangle Example */,
				BCCF5E94216CDD22004BB2E4 /* Timer Example */,
				BCCF5E82216CDB19004BB2E4 /* AppDelegate.swift */,
				BCCF5E84216CDB19004BB2E4 /* ViewController.swift */,
				BCCF5E86216CDB19004BB2E4 /* Main.storyboard */,
				BCCF5E89216CDB1B004BB2E4 /* Assets.xcassets */,
				BCCF5E8B216CDB1B004BB2E4 /* LaunchScreen.storyboard */,
				BCCF5E8E216CDB1B004BB2E4 /* Info.plist */,
			);
			path = SwiftSOLIDPrinciples;
			sourceTree = "<group>";
		};
		BCCF5E94216CDD22004BB2E4 /* Timer Example */ = {
			isa = PBXGroup;
			children = (
				BCCF5E97216CDD33004BB2E4 /* Not Solid Example */,
				BCCF5EA0216CE05C004BB2E4 /* Solid Example */,
				BCCF5E95216CDD2F004BB2E4 /* Client.swift */,
			);
			path = "Timer Example";
			sourceTree = "<group>";
		};
		BCCF5E97216CDD33004BB2E4 /* Not Solid Example */ = {
			isa = PBXGroup;
			children = (
				BCCF5E98216CDD50004BB2E4 /* NotSolidClient.swift */,
				BCCF5E9A216CDD80004BB2E4 /* NotSolidServiceScheduler.swift */,
				BCCF5E9C216CDDD4004BB2E4 /* NotSolidTimelineService.swift */,
				BCCF5E9E216CDDF1004BB2E4 /* NotSolidProfileService.swift */,
			);
			path = "Not Solid Example";
			sourceTree = "<group>";
		};
		BCCF5EA0216CE05C004BB2E4 /* Solid Example */ = {
			isa = PBXGroup;
			children = (
				BCCF5EA3216CE087004BB2E4 /* SolidClient.swift */,
				BCCF5EA5216CE1FA004BB2E4 /* SolidServiceScheduler.swift */,
				BCCF5EA7216CE215004BB2E4 /* SolidTimelineService.swift */,
				BCCF5EA9216CE233004BB2E4 /* SolidProfileService.swift */,
				BCCF5EAB216CE24F004BB2E4 /* SolidTimer.swift */,
				BCCF5EAD216CE268004BB2E4 /* SolidSchedulerFactory.swift */,
				BCCF5EAF216CE283004BB2E4 /* SolidServiceFactory.swift */,
				BCCF5EB1216CE29B004BB2E4 /* ServiceScheduler.swift */,
				BCCF5EB3216CE2B0004BB2E4 /* Service.swift */,
				BCCF5EB5216CE2C3004BB2E4 /* STimer.swift */,
			);
			path = "Solid Example";
			sourceTree = "<group>";
		};
		BCCF5EB7216CF27C004BB2E4 /* Square Rectangle Example */ = {
			isa = PBXGroup;
			children = (
				BCCF5EB8216CF2AA004BB2E4 /* Not Solid Example */,
				BCCF5EBF216CF3B4004BB2E4 /* Solid Example */,
			);
			path = "Square Rectangle Example";
			sourceTree = "<group>";
		};
		BCCF5EB8216CF2AA004BB2E4 /* Not Solid Example */ = {
			isa = PBXGroup;
			children = (
				BCCF5EB9216CF2C8004BB2E4 /* NotSolidRectangle.swift */,
				BCCF5EBD216CF2EA004BB2E4 /* NotSolidSquare.swift */,
			);
			path = "Not Solid Example";
			sourceTree = "<group>";
		};
		BCCF5EBF216CF3B4004BB2E4 /* Solid Example */ = {
			isa = PBXGroup;
			children = (
				BCCF5EC0216CF3C9004BB2E4 /* SolidShape.swift */,
				BCCF5EC2216CF3E5004BB2E4 /* SolidRectangle.swift */,
				BCCF5EC4216CF3FC004BB2E4 /* SolidSquare.swift */,
			);
			path = "Solid Example";
			sourceTree = "<group>";
		};
		BCCF5EC6216CF906004BB2E4 /* ATM Example */ = {
			isa = PBXGroup;
			children = (
				BCCF5EC7216CF91F004BB2E4 /* Transaction.swift */,
				BCCF5EC9216CF933004BB2E4 /* Not Solid Example */,
				BCCF5ED0216CFA51004BB2E4 /* Solid Example */,
			);
			path = "ATM Example";
			sourceTree = "<group>";
		};
		BCCF5EC9216CF933004BB2E4 /* Not Solid Example */ = {
			isa = PBXGroup;
			children = (
				BCCF5ECA216CF942004BB2E4 /* NotSolidATM.swift */,
				BCCF5ECC216CF961004BB2E4 /* NotSolidDepositTransaction.swift */,
				BCCF5ECE216CF980004BB2E4 /* NotSolidConsoleATM.swift */,
			);
			path = "Not Solid Example";
			sourceTree = "<group>";
		};
		BCCF5ED0216CFA51004BB2E4 /* Solid Example */ = {
			isa = PBXGroup;
			children = (
				BCCF5ED1216CFA6B004BB2E4 /* SolidATM.swift */,
				BCCF5ED3216CFA8A004BB2E4 /* SolidDepositUI.swift */,
				BCCF5ED5216CFAA5004BB2E4 /* SolidDepositTransaction.swift */,
				BCCF5ED7216CFABF004BB2E4 /* DepositUI.swift */,
				BCCF5ED9216CFAD5004BB2E4 /* TransferUI.swift */,
				BCCF5EDB216CFAEA004BB2E4 /* WithdrawalUI.swift */,
			);
			path = "Solid Example";
			sourceTree = "<group>";
		};
/* End PBXGroup section */

/* Begin PBXNativeTarget section */
		BCCF5E7E216CDB19004BB2E4 /* SwiftSOLIDPrinciples */ = {
			isa = PBXNativeTarget;
			buildConfigurationList = BCCF5E91216CDB1B004BB2E4 /* Build configuration list for PBXNativeTarget "SwiftSOLIDPrinciples" */;
			buildPhases = (
				BCCF5E7B216CDB19004BB2E4 /* Sources */,
				BCCF5E7C216CDB19004BB2E4 /* Frameworks */,
				BCCF5E7D216CDB19004BB2E4 /* Resources */,
			);
			buildRules = (
			);
			dependencies = (
			);
			name = SwiftSOLIDPrinciples;
			productName = SwiftSOLIDPrinciples;
			productReference = BCCF5E7F216CDB19004BB2E4 /* SwiftSOLIDPrinciples.app */;
			productType = "com.apple.product-type.application";
		};
/* End PBXNativeTarget section */

/* Begin PBXProject section */
		BCCF5E77216CDB19004BB2E4 /* Project object */ = {
			isa = PBXProject;
			attributes = {
				LastSwiftUpdateCheck = 1000;
				LastUpgradeCheck = 1000;
				ORGANIZATIONNAME = KarimEbrahem;
				TargetAttributes = {
					BCCF5E7E216CDB19004BB2E4 = {
						CreatedOnToolsVersion = 10.0;
					};
				};
			};
			buildConfigurationList = BCCF5E7A216CDB19004BB2E4 /* Build configuration list for PBXProject "SwiftSOLIDPrinciples" */;
			compatibilityVersion = "Xcode 9.3";
			developmentRegion = en;
			hasScannedForEncodings = 0;
			knownRegions = (
				en,
				Base,
			);
			mainGroup = BCCF5E76216CDB19004BB2E4;
			productRefGroup = BCCF5E80216CDB19004BB2E4 /* Products */;
			projectDirPath = "";
			projectRoot = "";
			targets = (
				BCCF5E7E216CDB19004BB2E4 /* SwiftSOLIDPrinciples */,
			);
		};
/* End PBXProject section */

/* Begin PBXResourcesBuildPhase section */
		BCCF5E7D216CDB19004BB2E4 /* Resources */ = {
			isa = PBXResourcesBuildPhase;
			buildActionMask = 2147483647;
			files = (
				BCCF5E8D216CDB1B004BB2E4 /* LaunchScreen.storyboard in Resources */,
				BCCF5E8A216CDB1B004BB2E4 /* Assets.xcassets in Resources */,
				BCCF5E88216CDB19004BB2E4 /* Main.storyboard in Resources */,
			);
			runOnlyForDeploymentPostprocessing = 0;
		};
/* End PBXResourcesBuildPhase section */

/* Begin PBXSourcesBuildPhase section */
		BCCF5E7B216CDB19004BB2E4 /* Sources */ = {
			isa = PBXSourcesBuildPhase;
			buildActionMask = 2147483647;
			files = (
				BCCF5EA8216CE215004BB2E4 /* SolidTimelineService.swift in Sources */,
				BCCF5E85216CDB19004BB2E4 /* ViewController.swift in Sources */,
				BCCF5EDC216CFAEA004BB2E4 /* WithdrawalUI.swift in Sources */,
				BCCF5EC5216CF3FC004BB2E4 /* SolidSquare.swift in Sources */,
				BCCF5E9F216CDDF1004BB2E4 /* NotSolidProfileService.swift in Sources */,
				BCCF5ED8216CFABF004BB2E4 /* DepositUI.swift in Sources */,
				BCCF5ECF216CF980004BB2E4 /* NotSolidConsoleATM.swift in Sources */,
				BCCF5E83216CDB19004BB2E4 /* AppDelegate.swift in Sources */,
				BCCF5EC3216CF3E5004BB2E4 /* SolidRectangle.swift in Sources */,
				BCCF5ED6216CFAA5004BB2E4 /* SolidDepositTransaction.swift in Sources */,
				BCCF5EB2216CE29B004BB2E4 /* ServiceScheduler.swift in Sources */,
				BCCF5EBA216CF2C8004BB2E4 /* NotSolidRectangle.swift in Sources */,
				BCCF5E9B216CDD80004BB2E4 /* NotSolidServiceScheduler.swift in Sources */,
				BCCF5E99216CDD50004BB2E4 /* NotSolidClient.swift in Sources */,
				BCCF5E9D216CDDD4004BB2E4 /* NotSolidTimelineService.swift in Sources */,
				BCCF5ED4216CFA8A004BB2E4 /* SolidDepositUI.swift in Sources */,
				BCCF5ECD216CF961004BB2E4 /* NotSolidDepositTransaction.swift in Sources */,
				BCCF5EAA216CE233004BB2E4 /* SolidProfileService.swift in Sources */,
				BCCF5EB4216CE2B0004BB2E4 /* Service.swift in Sources */,
				BCCF5EB0216CE283004BB2E4 /* SolidServiceFactory.swift in Sources */,
				BCCF5EC8216CF91F004BB2E4 /* Transaction.swift in Sources */,
				BCCF5EA4216CE087004BB2E4 /* SolidClient.swift in Sources */,
				BCCF5EA6216CE1FA004BB2E4 /* SolidServiceScheduler.swift in Sources */,
				BCCF5E96216CDD2F004BB2E4 /* Client.swift in Sources */,
				BCCF5ECB216CF942004BB2E4 /* NotSolidATM.swift in Sources */,
				BCCF5ED2216CFA6B004BB2E4 /* SolidATM.swift in Sources */,
				BCCF5EC1216CF3C9004BB2E4 /* SolidShape.swift in Sources */,
				BCCF5EAC216CE24F004BB2E4 /* SolidTimer.swift in Sources */,
				BCCF5EBE216CF2EA004BB2E4 /* NotSolidSquare.swift in Sources */,
				BCCF5EAE216CE268004BB2E4 /* SolidSchedulerFactory.swift in Sources */,
				BCCF5EB6216CE2C3004BB2E4 /* STimer.swift in Sources */,
				BCCF5EDA216CFAD5004BB2E4 /* TransferUI.swift in Sources */,
			);
			runOnlyForDeploymentPostprocessing = 0;
		};
/* End PBXSourcesBuildPhase section */

/* Begin PBXVariantGroup section */
		BCCF5E86216CDB19004BB2E4 /* Main.storyboard */ = {
			isa = PBXVariantGroup;
			children = (
				BCCF5E87216CDB19004BB2E4 /* Base */,
			);
			name = Main.storyboard;
			sourceTree = "<group>";
		};
		BCCF5E8B216CDB1B004BB2E4 /* LaunchScreen.storyboard */ = {
			isa = PBXVariantGroup;
			children = (
				BCCF5E8C216CDB1B004BB2E4 /* Base */,
			);
			name = LaunchScreen.storyboard;
			sourceTree = "<group>";
		};
/* End PBXVariantGroup section */

/* Begin XCBuildConfiguration section */
		BCCF5E8F216CDB1B004BB2E4 /* Debug */ = {
			isa = XCBuildConfiguration;
			buildSettings = {
				ALWAYS_SEARCH_USER_PATHS = NO;
				CLANG_ANALYZER_NONNULL = YES;
				CLANG_ANALYZER_NUMBER_OBJECT_CONVERSION = YES_AGGRESSIVE;
				CLANG_CXX_LANGUAGE_STANDARD = "gnu++14";
				CLANG_CXX_LIBRARY = "libc++";
				CLANG_ENABLE_MODULES = YES;
				CLANG_ENABLE_OBJC_ARC = YES;
				CLANG_ENABLE_OBJC_WEAK = YES;
				CLANG_WARN_BLOCK_CAPTURE_AUTORELEASING = YES;
				CLANG_WARN_BOOL_CONVERSION = YES;
				CLANG_WARN_COMMA = YES;
				CLANG_WARN_CONSTANT_CONVERSION = YES;
				CLANG_WARN_DEPRECATED_OBJC_IMPLEMENTATIONS = YES;
				CLANG_WARN_DIRECT_OBJC_ISA_USAGE = YES_ERROR;
				CLANG_WARN_DOCUMENTATION_COMMENTS = YES;
				CLANG_WARN_EMPTY_BODY = YES;
				CLANG_WARN_ENUM_CONVERSION = YES;
				CLANG_WARN_INFINITE_RECURSION = YES;
				CLANG_WARN_INT_CONVERSION = YES;
				CLANG_WARN_NON_LITERAL_NULL_CONVERSION = YES;
				CLANG_WARN_OBJC_IMPLICIT_RETAIN_SELF = YES;
				CLANG_WARN_OBJC_LITERAL_CONVERSION = YES;
				CLANG_WARN_OBJC_ROOT_CLASS = YES_ERROR;
				CLANG_WARN_RANGE_LOOP_ANALYSIS = YES;
				CLANG_WARN_STRICT_PROTOTYPES = YES;
				CLANG_WARN_SUSPICIOUS_MOVE = YES;
				CLANG_WARN_UNGUARDED_AVAILABILITY = YES_AGGRESSIVE;
				CLANG_WARN_UNREACHABLE_CODE = YES;
				CLANG_WARN__DUPLICATE_METHOD_MATCH = YES;
				CODE_SIGN_IDENTITY = "iPhone Developer";
				COPY_PHASE_STRIP = NO;
				DEBUG_INFORMATION_FORMAT = dwarf;
				ENABLE_STRICT_OBJC_MSGSEND = YES;
				ENABLE_TESTABILITY = YES;
				GCC_C_LANGUAGE_STANDARD = gnu11;
				GCC_DYNAMIC_NO_PIC = NO;
				GCC_NO_COMMON_BLOCKS = YES;
				GCC_OPTIMIZATION_LEVEL = 0;
				GCC_PREPROCESSOR_DEFINITIONS = (
					"DEBUG=1",
					"$(inherited)",
				);
				GCC_WARN_64_TO_32_BIT_CONVERSION = YES;
				GCC_WARN_ABOUT_RETURN_TYPE = YES_ERROR;
				GCC_WARN_UNDECLARED_SELECTOR = YES;
				GCC_WARN_UNINITIALIZED_AUTOS = YES_AGGRESSIVE;
				GCC_WARN_UNUSED_FUNCTION = YES;
				GCC_WARN_UNUSED_VARIABLE = YES;
				IPHONEOS_DEPLOYMENT_TARGET = 12.0;
				MTL_ENABLE_DEBUG_INFO = INCLUDE_SOURCE;
				MTL_FAST_MATH = YES;
				ONLY_ACTIVE_ARCH = YES;
				SDKROOT = iphoneos;
				SWIFT_ACTIVE_COMPILATION_CONDITIONS = DEBUG;
				SWIFT_OPTIMIZATION_LEVEL = "-Onone";
			};
			name = Debug;
		};
		BCCF5E90216CDB1B004BB2E4 /* Release */ = {
			isa = XCBuildConfiguration;
			buildSettings = {
				ALWAYS_SEARCH_USER_PATHS = NO;
				CLANG_ANALYZER_NONNULL = YES;
				CLANG_ANALYZER_NUMBER_OBJECT_CONVERSION = YES_AGGRESSIVE;
				CLANG_CXX_LANGUAGE_STANDARD = "gnu++14";
				CLANG_CXX_LIBRARY = "libc++";
				CLANG_ENABLE_MODULES = YES;
				CLANG_ENABLE_OBJC_ARC = YES;
				CLANG_ENABLE_OBJC_WEAK = YES;
				CLANG_WARN_BLOCK_CAPTURE_AUTORELEASING = YES;
				CLANG_WARN_BOOL_CONVERSION = YES;
				CLANG_WARN_COMMA = YES;
				CLANG_WARN_CONSTANT_CONVERSION = YES;
				CLANG_WARN_DEPRECATED_OBJC_IMPLEMENTATIONS = YES;
				CLANG_WARN_DIRECT_OBJC_ISA_USAGE = YES_ERROR;
				CLANG_WARN_DOCUMENTATION_COMMENTS = YES;
				CLANG_WARN_EMPTY_BODY = YES;
				CLANG_WARN_ENUM_CONVERSION = YES;
				CLANG_WARN_INFINITE_RECURSION = YES;
				CLANG_WARN_INT_CONVERSION = YES;
				CLANG_WARN_NON_LITERAL_NULL_CONVERSION = YES;
				CLANG_WARN_OBJC_IMPLICIT_RETAIN_SELF = YES;
				CLANG_WARN_OBJC_LITERAL_CONVERSION = YES;
				CLANG_WARN_OBJC_ROOT_CLASS = YES_ERROR;
				CLANG_WARN_RANGE_LOOP_ANALYSIS = YES;
				CLANG_WARN_STRICT_PROTOTYPES = YES;
				CLANG_WARN_SUSPICIOUS_MOVE = YES;
				CLANG_WARN_UNGUARDED_AVAILABILITY = YES_AGGRESSIVE;
				CLANG_WARN_UNREACHABLE_CODE = YES;
				CLANG_WARN__DUPLICATE_METHOD_MATCH = YES;
				CODE_SIGN_IDENTITY = "iPhone Developer";
				COPY_PHASE_STRIP = NO;
				DEBUG_INFORMATION_FORMAT = "dwarf-with-dsym";
				ENABLE_NS_ASSERTIONS = NO;
				ENABLE_STRICT_OBJC_MSGSEND = YES;
				GCC_C_LANGUAGE_STANDARD = gnu11;
				GCC_NO_COMMON_BLOCKS = YES;
				GCC_WARN_64_TO_32_BIT_CONVERSION = YES;
				GCC_WARN_ABOUT_RETURN_TYPE = YES_ERROR;
				GCC_WARN_UNDECLARED_SELECTOR = YES;
				GCC_WARN_UNINITIALIZED_AUTOS = YES_AGGRESSIVE;
				GCC_WARN_UNUSED_FUNCTION = YES;
				GCC_WARN_UNUSED_VARIABLE = YES;
				IPHONEOS_DEPLOYMENT_TARGET = 12.0;
				MTL_ENABLE_DEBUG_INFO = NO;
				MTL_FAST_MATH = YES;
				SDKROOT = iphoneos;
				SWIFT_COMPILATION_MODE = wholemodule;
				SWIFT_OPTIMIZATION_LEVEL = "-O";
				VALIDATE_PRODUCT = YES;
			};
			name = Release;
		};
		BCCF5E92216CDB1B004BB2E4 /* Debug */ = {
			isa = XCBuildConfiguration;
			buildSettings = {
				ASSETCATALOG_COMPILER_APPICON_NAME = AppIcon;
				CODE_SIGN_STYLE = Automatic;
				INFOPLIST_FILE = SwiftSOLIDPrinciples/Info.plist;
				LD_RUNPATH_SEARCH_PATHS = (
					"$(inherited)",
					"@executable_path/Frameworks",
				);
				PRODUCT_BUNDLE_IDENTIFIER = com.KarimEbrahem.SwiftSOLIDPrinciples;
				PRODUCT_NAME = "$(TARGET_NAME)";
				SWIFT_VERSION = 4.2;
				TARGETED_DEVICE_FAMILY = "1,2";
			};
			name = Debug;
		};
		BCCF5E93216CDB1B004BB2E4 /* Release */ = {
			isa = XCBuildConfiguration;
			buildSettings = {
				ASSETCATALOG_COMPILER_APPICON_NAME = AppIcon;
				CODE_SIGN_STYLE = Automatic;
				INFOPLIST_FILE = SwiftSOLIDPrinciples/Info.plist;
				LD_RUNPATH_SEARCH_PATHS = (
					"$(inherited)",
					"@executable_path/Frameworks",
				);
				PRODUCT_BUNDLE_IDENTIFIER = com.KarimEbrahem.SwiftSOLIDPrinciples;
				PRODUCT_NAME = "$(TARGET_NAME)";
				SWIFT_VERSION = 4.2;
				TARGETED_DEVICE_FAMILY = "1,2";
			};
			name = Release;
		};
/* End XCBuildConfiguration section */

/* Begin XCConfigurationList section */
		BCCF5E7A216CDB19004BB2E4 /* Build configuration list for PBXProject "SwiftSOLIDPrinciples" */ = {
			isa = XCConfigurationList;
			buildConfigurations = (
				BCCF5E8F216CDB1B004BB2E4 /* Debug */,
				BCCF5E90216CDB1B004BB2E4 /* Release */,
			);
			defaultConfigurationIsVisible = 0;
			defaultConfigurationName = Release;
		};
		BCCF5E91216CDB1B004BB2E4 /* Build configuration list for PBXNativeTarget "SwiftSOLIDPrinciples" */ = {
			isa = XCConfigurationList;
			buildConfigurations = (
				BCCF5E92216CDB1B004BB2E4 /* Debug */,
				BCCF5E93216CDB1B004BB2E4 /* Release */,
			);
			defaultConfigurationIsVisible = 0;
			defaultConfigurationName = Release;
		};
/* End XCConfigurationList section */
	};
	rootObject = BCCF5E77216CDB19004BB2E4 /* Project object */;
}
